
Microsoft Visual Studio Solution File, Format Version 12.00
# Visual Studio 15
VisualStudioVersion = 15.0.27004.2010
MinimumVisualStudioVersion = 10.0.40219.1
Project("{FAE04EC0-301F-11D3-BF4B-00C04F79EFBC}") = "Sitefinity-VSIX", "Sitefinity-VSIX\Sitefinity-VSIX.csproj", "{4476C8C5-5A49-42DB-AD78-B1C7D787D4F4}"
EndProject
Global
	GlobalSection(SolutionConfigurationPlatforms) = preSolution
		Debug|Any CPU = Debug|Any CPU
		Release|Any CPU = Release|Any CPU
	EndGlobalSection
	GlobalSection(ProjectConfigurationPlatforms) = postSolution
		{4476C8C5-5A49-42DB-AD78-B1C7D787D4F4}.Debug|Any CPU.ActiveCfg = Debug|Any CPU
		{4476C8C5-5A49-42DB-AD78-B1C7D787D4F4}.Debug|Any CPU.Build.0 = Debug|Any CPU
		{4476C8C5-5A49-42DB-AD78-B1C7D787D4F4}.Release|Any CPU.ActiveCfg = Release|Any CPU
		{4476C8C5-5A49-42DB-AD78-B1C7D787D4F4}.Release|Any CPU.Build.0 = Release|Any CPU
	EndGlobalSection
	GlobalSection(SolutionProperties) = preSolution
		HideSolutionNode = FALSE
	EndGlobalSection
	GlobalSection(ExtensibilityGlobals) = postSolution
		SolutionGuid = {7EACBD48-4866-4E2A-BB54-0F71B7A097D4}
	EndGlobalSection
EndGlobal
